# THIS IS AN AUTOGENERATED FILE. DO NOT EDIT THIS FILE DIRECTLY.
# yarn lockfile v1


backbone@^1.4.0:
  version "1.4.0"
  resolved "https://registry.yarnpkg.com/backbone/-/backbone-1.4.0.tgz#54db4de9df7c3811c3f032f34749a4cd27f3bd12"
  integrity sha512-RLmDrRXkVdouTg38jcgHhyQ/2zjg7a8E6sz2zxfz21Hh17xDJYUHBZimVIt5fUyS8vbfpeSmTL3gUjTEvUV3qQ==
  dependencies:
    underscore ">=1.8.3"

font-awesome@^4.7.0:
  version "4.7.0"
  resolved "https://registry.yarnpkg.com/font-awesome/-/font-awesome-4.7.0.tgz#8fa8cf0411a1a31afd07b06d2902bb9fc815a133"
  integrity sha1-j6jPBBGhoxr9B7BtKQK7n8gVoTM=

jquery-placeholder@^2.3.1:
  version "2.3.1"
  resolved "https://registry.yarnpkg.com/jquery-placeholder/-/jquery-placeholder-2.3.1.tgz#6025a1241019c08a8fb3ab8ed076285c05ba5e91"
  integrity sha1-YCWhJBAZwIqPs6uO0HYoXAW6XpE=

"jquery@< 3":
  version "2.2.4"
  resolved "https://registry.yarnpkg.com/jquery/-/jquery-2.2.4.tgz#2c89d6889b5eac522a7eea32c14521559c6cbf02"
  integrity sha1-LInWiJterFIqfuoywUUhVZxsvwI=

underscore@>=1.8.3, underscore@^1.9.1:
  version "1.9.1"
  resolved "https://registry.yarnpkg.com/underscore/-/underscore-1.9.1.tgz#06dce34a0e68a7babc29b365b8e74b8925203961"
  integrity sha512-5/4etnCkd9c8gwgowi5/om/mYO5ajCaOgdzj/oW+0eQV9WxKBDZw5+ycmKmeaTXjInS/W0BzpGLo2xR2aBwZdg==
