# This file is generated by running "yarn install" inside your project.
# Manual changes might be lost - proceed with caution!

__metadata:
  version: 8
  cacheKey: 10c0

"backbone@npm:^1.4.0":
  version: 1.6.1
  resolution: "backbone@npm:1.6.1"
  dependencies:
    underscore: "npm:>=1.8.3"
  checksum: 10c0/de59ea1f81c72f18cebecf9bd9ecfc30ea5dcd7633e18aea820c5236cbdd1d807777a0d4f76d63d38c3c47647eddcbe1f739d797c3043de473c2469aa13f304a
  languageName: node
  linkType: hard

"font-awesome@npm:^4.7.0":
  version: 4.7.0
  resolution: "font-awesome@npm:4.7.0"
  checksum: 10c0/1c456e2939c55192eed67db9c0efb8db3e92fd357ca189ca00030eb44acffa1e9f835288d2204c14b9a9c490a7b14b7090dfaff80ded6b2473f50a923dfb41e7
  languageName: node
  linkType: hard

"jquery-placeholder@npm:^2.3.1":
  version: 2.3.1
  resolution: "jquery-placeholder@npm:2.3.1"
  peerDependencies:
    jquery: "*"
  checksum: 10c0/749a920d9c3107d33c90b87bdef1db90be577be3f849b1e5c56054910c08e547720c394b7ac9458d21e13ad6e9d4f13df44f444a7f6b91011de16c7f4e33237e
  languageName: node
  linkType: hard

"jquery@npm:< 3":
  version: 2.2.4
  resolution: "jquery@npm:2.2.4"
  checksum: 10c0/407c00b1c3ccde35f091862d4b49eab27557c2f7ed9e00fe6ead32fbe8ad6b90d8af8e3fc06b176cd5f2daaae6361a0045ecf204b360d1ac4b79ec21f9930e3c
  languageName: node
  linkType: hard

"root-workspace-0b6124@workspace:.":
  version: 0.0.0-use.local
  resolution: "root-workspace-0b6124@workspace:."
  dependencies:
    backbone: "npm:^1.4.0"
    font-awesome: "npm:^4.7.0"
    jquery: "npm:< 3"
    jquery-placeholder: "npm:^2.3.1"
    underscore: "npm:^1.9.1"
  languageName: unknown
  linkType: soft

"underscore@npm:>=1.8.3, underscore@npm:^1.9.1":
  version: 1.13.7
  resolution: "underscore@npm:1.13.7"
  checksum: 10c0/fad2b4aac48847674aaf3c30558f383399d4fdafad6dd02dd60e4e1b8103b52c5a9e5937e0cc05dacfd26d6a0132ed0410ab4258241240757e4a4424507471cd
  languageName: node
  linkType: hard
